
Microsoft Visual Studio Solution File, Format Version 12.00
# Visual Studio Version 17
VisualStudioVersion = 17.0.31825.309
MinimumVisualStudioVersion = 10.0.40219.1
Project("{8BC9CEB8-8B4A-11D0-8D11-00A0C91BC942}") = "tutorial7", "tutorial7\tutorial7.vcxproj", "{B6A01C4F-60CC-4979-9DCC-C6F1EBF293A2}"
EndProject
Global
	GlobalSection(SolutionConfigurationPlatforms) = preSolution
		Debug|x64 = Debug|x64
		Debug|x86 = Debug|x86
		Release|x64 = Release|x64
		Release|x86 = Release|x86
	EndGlobalSection
	GlobalSection(ProjectConfigurationPlatforms) = postSolution
		{B6A01C4F-60CC-4979-9DCC-C6F1EBF293A2}.Debug|x64.ActiveCfg = Debug|x64
		{B6A01C4F-60CC-4979-9DCC-C6F1EBF293A2}.Debug|x64.Build.0 = Debug|x64
		{B6A01C4F-60CC-4979-9DCC-C6F1EBF293A2}.Debug|x86.ActiveCfg = Debug|Win32
		{B6A01C4F-60CC-4979-9DCC-C6F1EBF293A2}.Debug|x86.Build.0 = Debug|Win32
		{B6A01C4F-60CC-4979-9DCC-C6F1EBF293A2}.Release|x64.ActiveCfg = Release|x64
		{B6A01C4F-60CC-4979-9DCC-C6F1EBF293A2}.Release|x64.Build.0 = Release|x64
		{B6A01C4F-60CC-4979-9DCC-C6F1EBF293A2}.Release|x86.ActiveCfg = Release|Win32
		{B6A01C4F-60CC-4979-9DCC-C6F1EBF293A2}.Release|x86.Build.0 = Release|Win32
	EndGlobalSection
	GlobalSection(SolutionProperties) = preSolution
		HideSolutionNode = FALSE
	EndGlobalSection
	GlobalSection(ExtensibilityGlobals) = postSolution
		SolutionGuid = {391D08C4-898A-4979-99FB-C7B54B6979A2}
	EndGlobalSection
EndGlobal
